
Microsoft Visual Studio Solution File, Format Version 12.00
# Visual Studio Version 17
VisualStudioVersion = 17.3.32929.385
MinimumVisualStudioVersion = 10.0.40219.1
Project("{FAE04EC0-301F-11D3-BF4B-00C04F79EFBC}") = "WpfBattle", "WpfBattle\WpfBattle.csproj", "{851DC30E-C77B-493E-97B6-103898DE644B}"
EndProject
Global
	GlobalSection(SolutionConfigurationPlatforms) = preSolution
		Debug|Any CPU = Debug|Any CPU
		Release|Any CPU = Release|Any CPU
	EndGlobalSection
	GlobalSection(ProjectConfigurationPlatforms) = postSolution
		{851DC30E-C77B-493E-97B6-103898DE644B}.Debug|Any CPU.ActiveCfg = Debug|Any CPU
		{851DC30E-C77B-493E-97B6-103898DE644B}.Debug|Any CPU.Build.0 = Debug|Any CPU
		{851DC30E-C77B-493E-97B6-103898DE644B}.Release|Any CPU.ActiveCfg = Release|Any CPU
		{851DC30E-C77B-493E-97B6-103898DE644B}.Release|Any CPU.Build.0 = Release|Any CPU
	EndGlobalSection
	GlobalSection(SolutionProperties) = preSolution
		HideSolutionNode = FALSE
	EndGlobalSection
	GlobalSection(ExtensibilityGlobals) = postSolution
		SolutionGuid = {45480D13-02C1-4671-9EA9-CC5AEDEB30AD}
	EndGlobalSection
EndGlobal
